# This file is automatically @generated by Poetry 2.1.3 and should not be changed by hand.

[[package]]
name = "UrRtde"
version = "2.7.12"
description = "Real-Time Data Exchange (RTDE) python client + examples"
optional = false
python-versions = "*"
groups = ["main"]
files = []
develop = false

[package.source]
type = "git"
url = "https://github.com/UniversalRobots/RTDE_Python_Client_Library.git"
reference = "HEAD"
resolved_reference = "647788cc3474d7088d6aebdd9edde3bffa7f17ef"

[metadata]
lock-version = "2.1"
python-versions = "^3.6"
content-hash = "1adb3609935a8a6d3ee984fa72a0958ff6ae929e1ecca3f889802dda6e1c7365"
